
Microsoft Visual Studio Solution File, Format Version 12.00
# Visual Studio Version 17
VisualStudioVersion = 17.0.31903.59
MinimumVisualStudioVersion = 10.0.40219.1
Project("{FAE04EC0-301F-11D3-BF4B-00C04F79EFBC}") = "Meridian.Services.Employees", "Meridian.Services.Employees\Meridian.Services.Employees.csproj", "{036E6DDA-67FF-487D-8353-8365236BE09A}"
EndProject
Project("{FAE04EC0-301F-11D3-BF4B-00C04F79EFBC}") = "Meridian.Services.Onboarding", "Meridian.Services.Onboarding\Meridian.Services.Onboarding.csproj", "{EBBAB3E5-29F1-40C3-8275-9D828D333A1A}"
EndProject
Project("{FAE04EC0-301F-11D3-BF4B-00C04F79EFBC}") = "Meridian.Gateway", "Meridian.Gateway\Meridian.Gateway.csproj", "{30B8B8D3-2461-49FA-922E-90689FBDBD5A}"
EndProject
Project("{FAE04EC0-301F-11D3-BF4B-00C04F79EFBC}") = "Meridian.Services.Booking", "Meridian.Services.Booking\Meridian.Services.Booking.csproj", "{8B0974EC-F971-4587-A0D4-D377EFF62792}"
EndProject
Global
	GlobalSection(SolutionConfigurationPlatforms) = preSolution
		Debug|Any CPU = Debug|Any CPU
		Debug|x64 = Debug|x64
		Debug|x86 = Debug|x86
		Release|Any CPU = Release|Any CPU
		Release|x64 = Release|x64
		Release|x86 = Release|x86
	EndGlobalSection
	GlobalSection(ProjectConfigurationPlatforms) = postSolution
		{036E6DDA-67FF-487D-8353-8365236BE09A}.Debug|Any CPU.ActiveCfg = Debug|Any CPU
		{036E6DDA-67FF-487D-8353-8365236BE09A}.Debug|Any CPU.Build.0 = Debug|Any CPU
		{036E6DDA-67FF-487D-8353-8365236BE09A}.Debug|x64.ActiveCfg = Debug|Any CPU
		{036E6DDA-67FF-487D-8353-8365236BE09A}.Debug|x64.Build.0 = Debug|Any CPU
		{036E6DDA-67FF-487D-8353-8365236BE09A}.Debug|x86.ActiveCfg = Debug|Any CPU
		{036E6DDA-67FF-487D-8353-8365236BE09A}.Debug|x86.Build.0 = Debug|Any CPU
		{036E6DDA-67FF-487D-8353-8365236BE09A}.Release|Any CPU.ActiveCfg = Release|Any CPU
		{036E6DDA-67FF-487D-8353-8365236BE09A}.Release|Any CPU.Build.0 = Release|Any CPU
		{036E6DDA-67FF-487D-8353-8365236BE09A}.Release|x64.ActiveCfg = Release|Any CPU
		{036E6DDA-67FF-487D-8353-8365236BE09A}.Release|x64.Build.0 = Release|Any CPU
		{036E6DDA-67FF-487D-8353-8365236BE09A}.Release|x86.ActiveCfg = Release|Any CPU
		{036E6DDA-67FF-487D-8353-8365236BE09A}.Release|x86.Build.0 = Release|Any CPU
		{EBBAB3E5-29F1-40C3-8275-9D828D333A1A}.Debug|Any CPU.ActiveCfg = Debug|Any CPU
		{EBBAB3E5-29F1-40C3-8275-9D828D333A1A}.Debug|Any CPU.Build.0 = Debug|Any CPU
		{EBBAB3E5-29F1-40C3-8275-9D828D333A1A}.Debug|x64.ActiveCfg = Debug|Any CPU
		{EBBAB3E5-29F1-40C3-8275-9D828D333A1A}.Debug|x64.Build.0 = Debug|Any CPU
		{EBBAB3E5-29F1-40C3-8275-9D828D333A1A}.Debug|x86.ActiveCfg = Debug|Any CPU
		{EBBAB3E5-29F1-40C3-8275-9D828D333A1A}.Debug|x86.Build.0 = Debug|Any CPU
		{EBBAB3E5-29F1-40C3-8275-9D828D333A1A}.Release|Any CPU.ActiveCfg = Release|Any CPU
		{EBBAB3E5-29F1-40C3-8275-9D828D333A1A}.Release|Any CPU.Build.0 = Release|Any CPU
		{EBBAB3E5-29F1-40C3-8275-9D828D333A1A}.Release|x64.ActiveCfg = Release|Any CPU
		{EBBAB3E5-29F1-40C3-8275-9D828D333A1A}.Release|x64.Build.0 = Release|Any CPU
		{EBBAB3E5-29F1-40C3-8275-9D828D333A1A}.Release|x86.ActiveCfg = Release|Any CPU
		{EBBAB3E5-29F1-40C3-8275-9D828D333A1A}.Release|x86.Build.0 = Release|Any CPU
		{30B8B8D3-2461-49FA-922E-90689FBDBD5A}.Debug|Any CPU.ActiveCfg = Debug|Any CPU
		{30B8B8D3-2461-49FA-922E-90689FBDBD5A}.Debug|Any CPU.Build.0 = Debug|Any CPU
		{30B8B8D3-2461-49FA-922E-90689FBDBD5A}.Debug|x64.ActiveCfg = Debug|Any CPU
		{30B8B8D3-2461-49FA-922E-90689FBDBD5A}.Debug|x64.Build.0 = Debug|Any CPU
		{30B8B8D3-2461-49FA-922E-90689FBDBD5A}.Debug|x86.ActiveCfg = Debug|Any CPU
		{30B8B8D3-2461-49FA-922E-90689FBDBD5A}.Debug|x86.Build.0 = Debug|Any CPU
		{30B8B8D3-2461-49FA-922E-90689FBDBD5A}.Release|Any CPU.ActiveCfg = Release|Any CPU
		{30B8B8D3-2461-49FA-922E-90689FBDBD5A}.Release|Any CPU.Build.0 = Release|Any CPU
		{30B8B8D3-2461-49FA-922E-90689FBDBD5A}.Release|x64.ActiveCfg = Release|Any CPU
		{30B8B8D3-2461-49FA-922E-90689FBDBD5A}.Release|x64.Build.0 = Release|Any CPU
		{30B8B8D3-2461-49FA-922E-90689FBDBD5A}.Release|x86.ActiveCfg = Release|Any CPU
		{30B8B8D3-2461-49FA-922E-90689FBDBD5A}.Release|x86.Build.0 = Release|Any CPU
		{8B0974EC-F971-4587-A0D4-D377EFF62792}.Debug|Any CPU.ActiveCfg = Debug|Any CPU
		{8B0974EC-F971-4587-A0D4-D377EFF62792}.Debug|Any CPU.Build.0 = Debug|Any CPU
		{8B0974EC-F971-4587-A0D4-D377EFF62792}.Debug|x64.ActiveCfg = Debug|Any CPU
		{8B0974EC-F971-4587-A0D4-D377EFF62792}.Debug|x64.Build.0 = Debug|Any CPU
		{8B0974EC-F971-4587-A0D4-D377EFF62792}.Debug|x86.ActiveCfg = Debug|Any CPU
		{8B0974EC-F971-4587-A0D4-D377EFF62792}.Debug|x86.Build.0 = Debug|Any CPU
		{8B0974EC-F971-4587-A0D4-D377EFF62792}.Release|Any CPU.ActiveCfg = Release|Any CPU
		{8B0974EC-F971-4587-A0D4-D377EFF62792}.Release|Any CPU.Build.0 = Release|Any CPU
		{8B0974EC-F971-4587-A0D4-D377EFF62792}.Release|x64.ActiveCfg = Release|Any CPU
		{8B0974EC-F971-4587-A0D4-D377EFF62792}.Release|x64.Build.0 = Release|Any CPU
		{8B0974EC-F971-4587-A0D4-D377EFF62792}.Release|x86.ActiveCfg = Release|Any CPU
		{8B0974EC-F971-4587-A0D4-D377EFF62792}.Release|x86.Build.0 = Release|Any CPU
	EndGlobalSection
	GlobalSection(SolutionProperties) = preSolution
		HideSolutionNode = FALSE
	EndGlobalSection
EndGlobal
